
Microsoft Visual Studio Solution File, Format Version 11.00
# Visual Studio 2010
Project("{8BC9CEB8-8B4A-11D0-8D11-00A0C91BC942}") = "StoreInventoryManagementSystem(Win)", "StoreInventoryManagementSystem(Win)\StoreInventoryManagementSystem(Win).vcxproj", "{A510DF08-45B6-4E86-B4CF-2750185F840B}"
EndProject
Global
	GlobalSection(SolutionConfigurationPlatforms) = preSolution
		Debug|Win32 = Debug|Win32
		Release|Win32 = Release|Win32
	EndGlobalSection
	GlobalSection(ProjectConfigurationPlatforms) = postSolution
		{A510DF08-45B6-4E86-B4CF-2750185F840B}.Debug|Win32.ActiveCfg = Debug|Win32
		{A510DF08-45B6-4E86-B4CF-2750185F840B}.Debug|Win32.Build.0 = Debug|Win32
		{A510DF08-45B6-4E86-B4CF-2750185F840B}.Release|Win32.ActiveCfg = Release|Win32
		{A510DF08-45B6-4E86-B4CF-2750185F840B}.Release|Win32.Build.0 = Release|Win32
	EndGlobalSection
	GlobalSection(SolutionProperties) = preSolution
		HideSolutionNode = FALSE
	EndGlobalSection
EndGlobal
